
Microsoft Visual Studio Solution File, Format Version 11.00
# Visual Studio 2010
Project("{FAE04EC0-301F-11D3-BF4B-00C04F79EFBC}") = "Assembly-CSharp", "Assembly-CSharp.csproj", "{1C7F876D-5164-9AD2-0F12-49E45463193E}"
EndProject
Global
	GlobalSection(SolutionConfigurationPlatforms) = preSolution
		Debug|Any CPU = Debug|Any CPU
		Release|Any CPU = Release|Any CPU
	EndGlobalSection
	GlobalSection(ProjectConfigurationPlatforms) = postSolution
		{1C7F876D-5164-9AD2-0F12-49E45463193E}.Debug|Any CPU.ActiveCfg = Debug|Any CPU
		{1C7F876D-5164-9AD2-0F12-49E45463193E}.Debug|Any CPU.Build.0 = Debug|Any CPU
		{1C7F876D-5164-9AD2-0F12-49E45463193E}.Release|Any CPU.ActiveCfg = Release|Any CPU
		{1C7F876D-5164-9AD2-0F12-49E45463193E}.Release|Any CPU.Build.0 = Release|Any CPU
	EndGlobalSection
	GlobalSection(SolutionProperties) = preSolution
		HideSolutionNode = FALSE
	EndGlobalSection
	GlobalSection(MonoDevelopProperties) = preSolution
		StartupItem = Assembly-CSharp.csproj
	EndGlobalSection
EndGlobal
