{
  "requires": true,
  "lockfileVersion": 1,
  "dependencies": {
    "@dcloudio/uni-helper-json": {
      "version": "1.0.5",
      "resolved": "https://registry.npmjs.org/@dcloudio/uni-helper-json/-/uni-helper-json-1.0.5.tgz",
      "integrity": "sha512-Sncv3MPSh384c5QdVFlyGMWQLZ8ZQMunO/sXfD1Ln8vO6U6vszqMdxbdlGbeOJKLOqq50dJxfnQoAKGJyJvEkA=="
    },
    "@types/html5plus": {
      "version": "1.0.1",
      "resolved": "https://registry.npmjs.org/@types/html5plus/-/html5plus-1.0.1.tgz",
      "integrity": "sha512-ska1eyYbGO7zsru2KTjZ/CWtSjOXh92/K/QMdgSddkyr1ZplIybOzeS1u61scyxAKRvz6Yd9TRL+LQSBVyGUJw==",
      "dev": true
    },
    "@types/uni-app": {
      "version": "1.4.3",
      "resolved": "https://registry.npmjs.org/@types/uni-app/-/uni-app-1.4.3.tgz",
      "integrity": "sha512-i2P+ARDpMWrAlubqp54LYBEAxZhPML3kHW9qLxwK7ZvInoI8xaYDDhqukp5xisBftVrZ7+jUa7spCDXy6qBMvQ==",
      "dev": true,
      "requires": {
        "vue": "^2.6.8"
      }
    },
    "prettier": {
      "version": "1.12.1",
      "resolved": "http://registry.npm.taobao.org/prettier/download/prettier-1.12.1.tgz",
      "integrity": "sha1-wa0g6APndJ+vkFpAnSNn4Gu+cyU="
    },
    "vue": {
      "version": "2.6.11",
      "resolved": "https://registry.npmjs.org/vue/-/vue-2.6.11.tgz",
      "integrity": "sha512-VfPwgcGABbGAue9+sfrD4PuwFar7gPb1yl1UK1MwXoQPAw0BKSqWfoYCT/ThFrdEVWoI51dBuyCoiNU9bZDZxQ==",
      "dev": true
    }
  }
}
