
Microsoft Visual Studio Solution File, Format Version 11.00
# Visual Studio 2010
Project("{FAE04EC0-301F-11D3-BF4B-00C04F79EFBC}") = "Assembly-CSharp", "Assembly-CSharp.csproj", "{EBD333AF-603A-65F5-4ED4-139E5EC6832A}"
EndProject
Global
	GlobalSection(SolutionConfigurationPlatforms) = preSolution
		Debug|Any CPU = Debug|Any CPU
		Release|Any CPU = Release|Any CPU
	EndGlobalSection
	GlobalSection(ProjectConfigurationPlatforms) = postSolution
		{EBD333AF-603A-65F5-4ED4-139E5EC6832A}.Debug|Any CPU.ActiveCfg = Debug|Any CPU
		{EBD333AF-603A-65F5-4ED4-139E5EC6832A}.Debug|Any CPU.Build.0 = Debug|Any CPU
		{EBD333AF-603A-65F5-4ED4-139E5EC6832A}.Release|Any CPU.ActiveCfg = Release|Any CPU
		{EBD333AF-603A-65F5-4ED4-139E5EC6832A}.Release|Any CPU.Build.0 = Release|Any CPU
	EndGlobalSection
	GlobalSection(SolutionProperties) = preSolution
		HideSolutionNode = FALSE
	EndGlobalSection
EndGlobal
